
Microsoft Visual Studio Solution File, Format Version 12.00
# Visual Studio Version 16
VisualStudioVersion = 16.0.30621.155
MinimumVisualStudioVersion = 10.0.40219.1
Project("{8BC9CEB8-8B4A-11D0-8D11-00A0C91BC942}") = "DXEngine", "DXEngine\DXEngine.vcxproj", "{329F3F22-97C6-4F11-BD8E-0585AF520D7B}"
EndProject
Project("{8BC9CEB8-8B4A-11D0-8D11-00A0C91BC942}") = "UnitTest", "UnitTest\UnitTest.vcxproj", "{DCD2585F-EF01-4EE9-914B-70C37A507ED9}"
EndProject
Project("{2150E333-8FDC-42A3-9474-1A3956D46DE8}") = "ThirdParty", "ThirdParty", "{C503C88D-F338-4A7D-9344-9F4FC102323E}"
EndProject
Project("{8BC9CEB8-8B4A-11D0-8D11-00A0C91BC942}") = "googletest", "ThirdParty\googletest\googletest.vcxproj", "{DD98156D-7474-4F95-8736-EF519E1100D2}"
EndProject
Project("{8BC9CEB8-8B4A-11D0-8D11-00A0C91BC942}") = "tinyobjloader", "ThirdParty\tinyobjloader\tinyobjloader.vcxproj", "{440666C4-FF0F-44DC-A04C-E0F11E6517E7}"
EndProject
Project("{8BC9CEB8-8B4A-11D0-8D11-00A0C91BC942}") = "DXApp", "DXApp\DXApp.vcxproj", "{B76D679C-90A3-4A1E-AA80-93FD20A10ACF}"
EndProject
Global
	GlobalSection(SolutionConfigurationPlatforms) = preSolution
		Debug|x64 = Debug|x64
		Debug|x86 = Debug|x86
		Release|x64 = Release|x64
		Release|x86 = Release|x86
	EndGlobalSection
	GlobalSection(ProjectConfigurationPlatforms) = postSolution
		{329F3F22-97C6-4F11-BD8E-0585AF520D7B}.Debug|x64.ActiveCfg = Debug|x64
		{329F3F22-97C6-4F11-BD8E-0585AF520D7B}.Debug|x64.Build.0 = Debug|x64
		{329F3F22-97C6-4F11-BD8E-0585AF520D7B}.Debug|x86.ActiveCfg = Debug|Win32
		{329F3F22-97C6-4F11-BD8E-0585AF520D7B}.Debug|x86.Build.0 = Debug|Win32
		{329F3F22-97C6-4F11-BD8E-0585AF520D7B}.Release|x64.ActiveCfg = Release|x64
		{329F3F22-97C6-4F11-BD8E-0585AF520D7B}.Release|x64.Build.0 = Release|x64
		{329F3F22-97C6-4F11-BD8E-0585AF520D7B}.Release|x86.ActiveCfg = Release|Win32
		{329F3F22-97C6-4F11-BD8E-0585AF520D7B}.Release|x86.Build.0 = Release|Win32
		{DCD2585F-EF01-4EE9-914B-70C37A507ED9}.Debug|x64.ActiveCfg = Debug|x64
		{DCD2585F-EF01-4EE9-914B-70C37A507ED9}.Debug|x64.Build.0 = Debug|x64
		{DCD2585F-EF01-4EE9-914B-70C37A507ED9}.Debug|x86.ActiveCfg = Debug|Win32
		{DCD2585F-EF01-4EE9-914B-70C37A507ED9}.Debug|x86.Build.0 = Debug|Win32
		{DCD2585F-EF01-4EE9-914B-70C37A507ED9}.Release|x64.ActiveCfg = Release|x64
		{DCD2585F-EF01-4EE9-914B-70C37A507ED9}.Release|x64.Build.0 = Release|x64
		{DCD2585F-EF01-4EE9-914B-70C37A507ED9}.Release|x86.ActiveCfg = Release|Win32
		{DCD2585F-EF01-4EE9-914B-70C37A507ED9}.Release|x86.Build.0 = Release|Win32
		{DD98156D-7474-4F95-8736-EF519E1100D2}.Debug|x64.ActiveCfg = Debug|x64
		{DD98156D-7474-4F95-8736-EF519E1100D2}.Debug|x64.Build.0 = Debug|x64
		{DD98156D-7474-4F95-8736-EF519E1100D2}.Debug|x86.ActiveCfg = Debug|Win32
		{DD98156D-7474-4F95-8736-EF519E1100D2}.Debug|x86.Build.0 = Debug|Win32
		{DD98156D-7474-4F95-8736-EF519E1100D2}.Release|x64.ActiveCfg = Release|x64
		{DD98156D-7474-4F95-8736-EF519E1100D2}.Release|x64.Build.0 = Release|x64
		{DD98156D-7474-4F95-8736-EF519E1100D2}.Release|x86.ActiveCfg = Release|Win32
		{DD98156D-7474-4F95-8736-EF519E1100D2}.Release|x86.Build.0 = Release|Win32
		{440666C4-FF0F-44DC-A04C-E0F11E6517E7}.Debug|x64.ActiveCfg = Debug|x64
		{440666C4-FF0F-44DC-A04C-E0F11E6517E7}.Debug|x64.Build.0 = Debug|x64
		{440666C4-FF0F-44DC-A04C-E0F11E6517E7}.Debug|x86.ActiveCfg = Debug|Win32
		{440666C4-FF0F-44DC-A04C-E0F11E6517E7}.Debug|x86.Build.0 = Debug|Win32
		{440666C4-FF0F-44DC-A04C-E0F11E6517E7}.Release|x64.ActiveCfg = Release|x64
		{440666C4-FF0F-44DC-A04C-E0F11E6517E7}.Release|x64.Build.0 = Release|x64
		{440666C4-FF0F-44DC-A04C-E0F11E6517E7}.Release|x86.ActiveCfg = Release|Win32
		{440666C4-FF0F-44DC-A04C-E0F11E6517E7}.Release|x86.Build.0 = Release|Win32
		{B76D679C-90A3-4A1E-AA80-93FD20A10ACF}.Debug|x64.ActiveCfg = Debug|x64
		{B76D679C-90A3-4A1E-AA80-93FD20A10ACF}.Debug|x64.Build.0 = Debug|x64
		{B76D679C-90A3-4A1E-AA80-93FD20A10ACF}.Debug|x86.ActiveCfg = Debug|Win32
		{B76D679C-90A3-4A1E-AA80-93FD20A10ACF}.Debug|x86.Build.0 = Debug|Win32
		{B76D679C-90A3-4A1E-AA80-93FD20A10ACF}.Release|x64.ActiveCfg = Release|x64
		{B76D679C-90A3-4A1E-AA80-93FD20A10ACF}.Release|x64.Build.0 = Release|x64
		{B76D679C-90A3-4A1E-AA80-93FD20A10ACF}.Release|x86.ActiveCfg = Release|Win32
		{B76D679C-90A3-4A1E-AA80-93FD20A10ACF}.Release|x86.Build.0 = Release|Win32
	EndGlobalSection
	GlobalSection(SolutionProperties) = preSolution
		HideSolutionNode = FALSE
	EndGlobalSection
	GlobalSection(NestedProjects) = preSolution
		{DD98156D-7474-4F95-8736-EF519E1100D2} = {C503C88D-F338-4A7D-9344-9F4FC102323E}
		{440666C4-FF0F-44DC-A04C-E0F11E6517E7} = {C503C88D-F338-4A7D-9344-9F4FC102323E}
	EndGlobalSection
	GlobalSection(ExtensibilityGlobals) = postSolution
		SolutionGuid = {92A732F8-FA76-43EF-87FE-D4DC085BDEEC}
	EndGlobalSection
EndGlobal
