<?xml version="1.0" encoding="utf-8"?>
<Project ToolsVersion="4.0" xmlns="http://schemas.microsoft.com/developer/msbuild/2003">
  <ItemGroup>
    <ClCompile Include="main.cpp" />
    <ClCompile Include="Math\Vector.cpp" />
    <ClCompile Include="Math\Matrix.cpp" />
    <ClCompile Include="Math\LinearTransform.cpp" />
    <ClCompile Include="Math\AffineTransform.cpp" />
    <ClCompile Include="Application\Application.cpp" />
  </ItemGroup>
  <ItemGroup>
    <ClInclude Include="Math\Helper.h" />
    <ClInclude Include="resource.h" />
  </ItemGroup>
  <ItemGroup>
    <ResourceCompile Include="UnitTest.rc" />
  </ItemGroup>
</Project>