<?xml version="1.0" encoding="utf-8"?>
<Project ToolsVersion="4.0" xmlns="http://schemas.microsoft.com/developer/msbuild/2003">
  <ItemGroup>
    <ClCompile Include="main.cpp" />
    <ClCompile Include="UnitTest\Vector.cpp" />
    <ClCompile Include="UnitTest\Matrix.cpp" />
    <ClCompile Include="UnitTest\LinearTransform.cpp" />
    <ClCompile Include="UnitTest\AffineTransform.cpp" />
  </ItemGroup>
  <ItemGroup>
    <ClInclude Include="UnitTest\Helper.h" />
  </ItemGroup>
</Project>